
Microsoft Visual Studio Solution File, Format Version 12.00
Project("{2150E333-8FDC-42A3-9474-1A3956D46DE8}") = "Session 1", "Session 1", "{30E37090-E7F5-410E-B2F5-7E559CD5CDA2}"
EndProject
Project("{FAE04EC0-301F-11D3-BF4B-00C04F79EFBC}") = "S1-Ex3", "Session1\S1-Ex3\S1-Ex3.csproj", "{410961EC-E27A-4FA7-8D7C-988AD7A5C247}"
EndProject
Project("{2150E333-8FDC-42A3-9474-1A3956D46DE8}") = "Session 2", "Session 2", "{01519BAE-6E86-445D-948F-78F0A5CDAD4C}"
EndProject
Project("{FAE04EC0-301F-11D3-BF4B-00C04F79EFBC}") = "S2-Ex1", "Session2\S2-Ex1\S2-Ex1.csproj", "{FAF4677C-7601-4F24-BF11-490476EEA06F}"
EndProject
Project("{FAE04EC0-301F-11D3-BF4B-00C04F79EFBC}") = "S1-Ex4", "Session1\S1-Ex4\S1-Ex4\S1-Ex4.csproj", "{D8C86D39-56FF-4E15-960A-06B904E0BBFB}"
EndProject
Project("{FAE04EC0-301F-11D3-BF4B-00C04F79EFBC}") = "S1-Ex7", "Session1\S1-Ex7\S1-Ex7\S1-Ex7.csproj", "{03861F07-5D98-44B8-8836-954EAFABEE9A}"
EndProject
Project("{FAE04EC0-301F-11D3-BF4B-00C04F79EFBC}") = "S1-Ex8", "Session1\S1-Ex8\S1-Ex8\S1-Ex8.csproj", "{527F5D17-46E7-40F8-BC57-FD146E7BB0B1}"
EndProject
Project("{FAE04EC0-301F-11D3-BF4B-00C04F79EFBC}") = "S1-Ex9", "Session1\S1-Ex9\S1-Ex9\S1-Ex9.csproj", "{98637CEB-DCD5-4D18-96EE-CE068D213B3F}"
EndProject
Project("{FAE04EC0-301F-11D3-BF4B-00C04F79EFBC}") = "S1-Ex10", "Session1\S1-Ex10\S1-Ex10\S1-Ex10.csproj", "{85D1B86A-C977-44DC-AAF8-74089A72C3E6}"
EndProject
Project("{FAE04EC0-301F-11D3-BF4B-00C04F79EFBC}") = "S1-Ex11", "Session1\S1-Ex11\S1-Ex11\S1-Ex11.csproj", "{2389FF2B-CC48-450B-B058-F9F783E1D339}"
EndProject
Project("{FAE04EC0-301F-11D3-BF4B-00C04F79EFBC}") = "S2-Ex2", "Session2\S2-Ex2\S2-Ex2\S2-Ex2.csproj", "{CC59594B-0B0B-4BB5-AEE5-E07F66156B58}"
EndProject
Project("{FAE04EC0-301F-11D3-BF4B-00C04F79EFBC}") = "S2-Ex3", "Session2\S2-Ex3\S2-Ex3\S2-Ex3.csproj", "{E25600E4-AC1F-45D4-BB57-EC990587B6BC}"
EndProject
Project("{FAE04EC0-301F-11D3-BF4B-00C04F79EFBC}") = "S2-Ex4", "Session2\S2-Ex4\S2-Ex4\S2-Ex4.csproj", "{57E177E5-55CC-4E6A-9740-693C1714EDAF}"
EndProject
Project("{FAE04EC0-301F-11D3-BF4B-00C04F79EFBC}") = "S2-Ex5", "Session2\S2-Ex5\S2-Ex5\S2-Ex5.csproj", "{07462FDE-441B-47BF-92EA-38348CECDDD5}"
EndProject
Project("{FAE04EC0-301F-11D3-BF4B-00C04F79EFBC}") = "S2-Ex6", "Session2\S2-Ex6\S2-Ex6\S2-Ex6.csproj", "{30E05AE5-B85C-4BC3-9E99-97ECD462D7AD}"
EndProject
Project("{2150E333-8FDC-42A3-9474-1A3956D46DE8}") = "Session3", "Session3", "{2C6BA23E-05CD-4933-B3E2-A002D17C9C00}"
EndProject
Project("{FAE04EC0-301F-11D3-BF4B-00C04F79EFBC}") = "S3-Ex1", "Session3\S3-Ex1\S3-Ex1\S3-Ex1.csproj", "{3DEFDD61-6DDC-4049-8CB0-02ACAD39D3A2}"
EndProject
Project("{FAE04EC0-301F-11D3-BF4B-00C04F79EFBC}") = "S3-Ex2", "Session3\S3-Ex2\S3-Ex2\S3-Ex2.csproj", "{8E9F91F5-4F10-45C2-BE70-3A70595E8DB8}"
EndProject
Project("{FAE04EC0-301F-11D3-BF4B-00C04F79EFBC}") = "S3-Ex3 - Server", "Session3\S3-Ex3\S3-Ex3 - Server\S3-Ex3 - Server.csproj", "{ADAB1019-21B1-4DB1-8E00-529C7982F9B1}"
EndProject
Project("{FAE04EC0-301F-11D3-BF4B-00C04F79EFBC}") = "S3-Ex3 - Client", "Session3\S3-Ex3 - Client\S3-Ex3 - Client.csproj", "{0ACCF331-E7D0-455C-B3BB-6EA63ACDFC98}"
EndProject
Project("{2150E333-8FDC-42A3-9474-1A3956D46DE8}") = "S3-Ex4", "S3-Ex4", "{8031C873-A776-4916-9B3D-C0FFD0DA3A81}"
EndProject
Project("{FAE04EC0-301F-11D3-BF4B-00C04F79EFBC}") = "Ex4_Client", "Session3\S3-Ex4\Ex4_Client\Ex4_Client.csproj", "{963AA3A6-A35B-49FB-A567-7AF5FEDD0973}"
EndProject
Project("{FAE04EC0-301F-11D3-BF4B-00C04F79EFBC}") = "Ex4_Server", "Session3\S3-Ex4\Ex4_Server\Ex4_Server.csproj", "{D34C66AF-0CD2-4A95-AD4D-0DAB8EB43202}"
EndProject
Project("{2150E333-8FDC-42A3-9474-1A3956D46DE8}") = "S3-Ex5", "S3-Ex5", "{279EC51B-1683-432D-B5C9-34973D1BE946}"
EndProject
Project("{FAE04EC0-301F-11D3-BF4B-00C04F79EFBC}") = "Ex5_Client", "Session3\S3-Ex5\Ex5_Client\Ex5_Client.csproj", "{1C7648BC-DF48-4DED-BFAD-E591A552423A}"
EndProject
Project("{FAE04EC0-301F-11D3-BF4B-00C04F79EFBC}") = "Ex5_Server", "Session3\S3-Ex5\Ex5_Server\Ex5_Server.csproj", "{89AF0052-5FB1-4DAC-A9B1-BFB0E178D8A7}"
EndProject
Global
	GlobalSection(SolutionConfigurationPlatforms) = preSolution
		Debug|Any CPU = Debug|Any CPU
		Release|Any CPU = Release|Any CPU
	EndGlobalSection
	GlobalSection(NestedProjects) = preSolution
		{410961EC-E27A-4FA7-8D7C-988AD7A5C247} = {30E37090-E7F5-410E-B2F5-7E559CD5CDA2}
		{FAF4677C-7601-4F24-BF11-490476EEA06F} = {01519BAE-6E86-445D-948F-78F0A5CDAD4C}
		{D8C86D39-56FF-4E15-960A-06B904E0BBFB} = {30E37090-E7F5-410E-B2F5-7E559CD5CDA2}
		{03861F07-5D98-44B8-8836-954EAFABEE9A} = {30E37090-E7F5-410E-B2F5-7E559CD5CDA2}
		{527F5D17-46E7-40F8-BC57-FD146E7BB0B1} = {30E37090-E7F5-410E-B2F5-7E559CD5CDA2}
		{98637CEB-DCD5-4D18-96EE-CE068D213B3F} = {30E37090-E7F5-410E-B2F5-7E559CD5CDA2}
		{85D1B86A-C977-44DC-AAF8-74089A72C3E6} = {30E37090-E7F5-410E-B2F5-7E559CD5CDA2}
		{2389FF2B-CC48-450B-B058-F9F783E1D339} = {30E37090-E7F5-410E-B2F5-7E559CD5CDA2}
		{CC59594B-0B0B-4BB5-AEE5-E07F66156B58} = {01519BAE-6E86-445D-948F-78F0A5CDAD4C}
		{E25600E4-AC1F-45D4-BB57-EC990587B6BC} = {01519BAE-6E86-445D-948F-78F0A5CDAD4C}
		{57E177E5-55CC-4E6A-9740-693C1714EDAF} = {01519BAE-6E86-445D-948F-78F0A5CDAD4C}
		{07462FDE-441B-47BF-92EA-38348CECDDD5} = {01519BAE-6E86-445D-948F-78F0A5CDAD4C}
		{30E05AE5-B85C-4BC3-9E99-97ECD462D7AD} = {01519BAE-6E86-445D-948F-78F0A5CDAD4C}
		{3DEFDD61-6DDC-4049-8CB0-02ACAD39D3A2} = {2C6BA23E-05CD-4933-B3E2-A002D17C9C00}
		{8E9F91F5-4F10-45C2-BE70-3A70595E8DB8} = {2C6BA23E-05CD-4933-B3E2-A002D17C9C00}
		{ADAB1019-21B1-4DB1-8E00-529C7982F9B1} = {2C6BA23E-05CD-4933-B3E2-A002D17C9C00}
		{0ACCF331-E7D0-455C-B3BB-6EA63ACDFC98} = {2C6BA23E-05CD-4933-B3E2-A002D17C9C00}
		{8031C873-A776-4916-9B3D-C0FFD0DA3A81} = {2C6BA23E-05CD-4933-B3E2-A002D17C9C00}
		{963AA3A6-A35B-49FB-A567-7AF5FEDD0973} = {8031C873-A776-4916-9B3D-C0FFD0DA3A81}
		{D34C66AF-0CD2-4A95-AD4D-0DAB8EB43202} = {8031C873-A776-4916-9B3D-C0FFD0DA3A81}
		{279EC51B-1683-432D-B5C9-34973D1BE946} = {2C6BA23E-05CD-4933-B3E2-A002D17C9C00}
		{1C7648BC-DF48-4DED-BFAD-E591A552423A} = {279EC51B-1683-432D-B5C9-34973D1BE946}
		{89AF0052-5FB1-4DAC-A9B1-BFB0E178D8A7} = {279EC51B-1683-432D-B5C9-34973D1BE946}
	EndGlobalSection
	GlobalSection(ProjectConfigurationPlatforms) = postSolution
		{410961EC-E27A-4FA7-8D7C-988AD7A5C247}.Debug|Any CPU.ActiveCfg = Debug|Any CPU
		{410961EC-E27A-4FA7-8D7C-988AD7A5C247}.Debug|Any CPU.Build.0 = Debug|Any CPU
		{410961EC-E27A-4FA7-8D7C-988AD7A5C247}.Release|Any CPU.ActiveCfg = Release|Any CPU
		{410961EC-E27A-4FA7-8D7C-988AD7A5C247}.Release|Any CPU.Build.0 = Release|Any CPU
		{FAF4677C-7601-4F24-BF11-490476EEA06F}.Debug|Any CPU.ActiveCfg = Debug|Any CPU
		{FAF4677C-7601-4F24-BF11-490476EEA06F}.Debug|Any CPU.Build.0 = Debug|Any CPU
		{FAF4677C-7601-4F24-BF11-490476EEA06F}.Release|Any CPU.ActiveCfg = Release|Any CPU
		{FAF4677C-7601-4F24-BF11-490476EEA06F}.Release|Any CPU.Build.0 = Release|Any CPU
		{D8C86D39-56FF-4E15-960A-06B904E0BBFB}.Debug|Any CPU.ActiveCfg = Debug|Any CPU
		{D8C86D39-56FF-4E15-960A-06B904E0BBFB}.Debug|Any CPU.Build.0 = Debug|Any CPU
		{D8C86D39-56FF-4E15-960A-06B904E0BBFB}.Release|Any CPU.ActiveCfg = Release|Any CPU
		{D8C86D39-56FF-4E15-960A-06B904E0BBFB}.Release|Any CPU.Build.0 = Release|Any CPU
		{03861F07-5D98-44B8-8836-954EAFABEE9A}.Debug|Any CPU.ActiveCfg = Debug|Any CPU
		{03861F07-5D98-44B8-8836-954EAFABEE9A}.Debug|Any CPU.Build.0 = Debug|Any CPU
		{03861F07-5D98-44B8-8836-954EAFABEE9A}.Release|Any CPU.ActiveCfg = Release|Any CPU
		{03861F07-5D98-44B8-8836-954EAFABEE9A}.Release|Any CPU.Build.0 = Release|Any CPU
		{527F5D17-46E7-40F8-BC57-FD146E7BB0B1}.Debug|Any CPU.ActiveCfg = Debug|Any CPU
		{527F5D17-46E7-40F8-BC57-FD146E7BB0B1}.Debug|Any CPU.Build.0 = Debug|Any CPU
		{527F5D17-46E7-40F8-BC57-FD146E7BB0B1}.Release|Any CPU.ActiveCfg = Release|Any CPU
		{527F5D17-46E7-40F8-BC57-FD146E7BB0B1}.Release|Any CPU.Build.0 = Release|Any CPU
		{98637CEB-DCD5-4D18-96EE-CE068D213B3F}.Debug|Any CPU.ActiveCfg = Debug|Any CPU
		{98637CEB-DCD5-4D18-96EE-CE068D213B3F}.Debug|Any CPU.Build.0 = Debug|Any CPU
		{98637CEB-DCD5-4D18-96EE-CE068D213B3F}.Release|Any CPU.ActiveCfg = Release|Any CPU
		{98637CEB-DCD5-4D18-96EE-CE068D213B3F}.Release|Any CPU.Build.0 = Release|Any CPU
		{85D1B86A-C977-44DC-AAF8-74089A72C3E6}.Debug|Any CPU.ActiveCfg = Debug|Any CPU
		{85D1B86A-C977-44DC-AAF8-74089A72C3E6}.Debug|Any CPU.Build.0 = Debug|Any CPU
		{85D1B86A-C977-44DC-AAF8-74089A72C3E6}.Release|Any CPU.ActiveCfg = Release|Any CPU
		{85D1B86A-C977-44DC-AAF8-74089A72C3E6}.Release|Any CPU.Build.0 = Release|Any CPU
		{2389FF2B-CC48-450B-B058-F9F783E1D339}.Debug|Any CPU.ActiveCfg = Debug|Any CPU
		{2389FF2B-CC48-450B-B058-F9F783E1D339}.Debug|Any CPU.Build.0 = Debug|Any CPU
		{2389FF2B-CC48-450B-B058-F9F783E1D339}.Release|Any CPU.ActiveCfg = Release|Any CPU
		{2389FF2B-CC48-450B-B058-F9F783E1D339}.Release|Any CPU.Build.0 = Release|Any CPU
		{CC59594B-0B0B-4BB5-AEE5-E07F66156B58}.Debug|Any CPU.ActiveCfg = Debug|Any CPU
		{CC59594B-0B0B-4BB5-AEE5-E07F66156B58}.Debug|Any CPU.Build.0 = Debug|Any CPU
		{CC59594B-0B0B-4BB5-AEE5-E07F66156B58}.Release|Any CPU.ActiveCfg = Release|Any CPU
		{CC59594B-0B0B-4BB5-AEE5-E07F66156B58}.Release|Any CPU.Build.0 = Release|Any CPU
		{E25600E4-AC1F-45D4-BB57-EC990587B6BC}.Debug|Any CPU.ActiveCfg = Debug|Any CPU
		{E25600E4-AC1F-45D4-BB57-EC990587B6BC}.Debug|Any CPU.Build.0 = Debug|Any CPU
		{E25600E4-AC1F-45D4-BB57-EC990587B6BC}.Release|Any CPU.ActiveCfg = Release|Any CPU
		{E25600E4-AC1F-45D4-BB57-EC990587B6BC}.Release|Any CPU.Build.0 = Release|Any CPU
		{57E177E5-55CC-4E6A-9740-693C1714EDAF}.Debug|Any CPU.ActiveCfg = Debug|Any CPU
		{57E177E5-55CC-4E6A-9740-693C1714EDAF}.Debug|Any CPU.Build.0 = Debug|Any CPU
		{57E177E5-55CC-4E6A-9740-693C1714EDAF}.Release|Any CPU.ActiveCfg = Release|Any CPU
		{57E177E5-55CC-4E6A-9740-693C1714EDAF}.Release|Any CPU.Build.0 = Release|Any CPU
		{07462FDE-441B-47BF-92EA-38348CECDDD5}.Debug|Any CPU.ActiveCfg = Debug|Any CPU
		{07462FDE-441B-47BF-92EA-38348CECDDD5}.Debug|Any CPU.Build.0 = Debug|Any CPU
		{07462FDE-441B-47BF-92EA-38348CECDDD5}.Release|Any CPU.ActiveCfg = Release|Any CPU
		{07462FDE-441B-47BF-92EA-38348CECDDD5}.Release|Any CPU.Build.0 = Release|Any CPU
		{30E05AE5-B85C-4BC3-9E99-97ECD462D7AD}.Debug|Any CPU.ActiveCfg = Debug|Any CPU
		{30E05AE5-B85C-4BC3-9E99-97ECD462D7AD}.Debug|Any CPU.Build.0 = Debug|Any CPU
		{30E05AE5-B85C-4BC3-9E99-97ECD462D7AD}.Release|Any CPU.ActiveCfg = Release|Any CPU
		{30E05AE5-B85C-4BC3-9E99-97ECD462D7AD}.Release|Any CPU.Build.0 = Release|Any CPU
		{3DEFDD61-6DDC-4049-8CB0-02ACAD39D3A2}.Debug|Any CPU.ActiveCfg = Debug|Any CPU
		{3DEFDD61-6DDC-4049-8CB0-02ACAD39D3A2}.Debug|Any CPU.Build.0 = Debug|Any CPU
		{3DEFDD61-6DDC-4049-8CB0-02ACAD39D3A2}.Release|Any CPU.ActiveCfg = Release|Any CPU
		{3DEFDD61-6DDC-4049-8CB0-02ACAD39D3A2}.Release|Any CPU.Build.0 = Release|Any CPU
		{8E9F91F5-4F10-45C2-BE70-3A70595E8DB8}.Debug|Any CPU.ActiveCfg = Debug|Any CPU
		{8E9F91F5-4F10-45C2-BE70-3A70595E8DB8}.Debug|Any CPU.Build.0 = Debug|Any CPU
		{8E9F91F5-4F10-45C2-BE70-3A70595E8DB8}.Release|Any CPU.ActiveCfg = Release|Any CPU
		{8E9F91F5-4F10-45C2-BE70-3A70595E8DB8}.Release|Any CPU.Build.0 = Release|Any CPU
		{ADAB1019-21B1-4DB1-8E00-529C7982F9B1}.Debug|Any CPU.ActiveCfg = Debug|Any CPU
		{ADAB1019-21B1-4DB1-8E00-529C7982F9B1}.Debug|Any CPU.Build.0 = Debug|Any CPU
		{ADAB1019-21B1-4DB1-8E00-529C7982F9B1}.Release|Any CPU.ActiveCfg = Release|Any CPU
		{ADAB1019-21B1-4DB1-8E00-529C7982F9B1}.Release|Any CPU.Build.0 = Release|Any CPU
		{0ACCF331-E7D0-455C-B3BB-6EA63ACDFC98}.Debug|Any CPU.ActiveCfg = Debug|Any CPU
		{0ACCF331-E7D0-455C-B3BB-6EA63ACDFC98}.Debug|Any CPU.Build.0 = Debug|Any CPU
		{0ACCF331-E7D0-455C-B3BB-6EA63ACDFC98}.Release|Any CPU.ActiveCfg = Release|Any CPU
		{0ACCF331-E7D0-455C-B3BB-6EA63ACDFC98}.Release|Any CPU.Build.0 = Release|Any CPU
		{963AA3A6-A35B-49FB-A567-7AF5FEDD0973}.Debug|Any CPU.ActiveCfg = Debug|Any CPU
		{963AA3A6-A35B-49FB-A567-7AF5FEDD0973}.Debug|Any CPU.Build.0 = Debug|Any CPU
		{963AA3A6-A35B-49FB-A567-7AF5FEDD0973}.Release|Any CPU.ActiveCfg = Release|Any CPU
		{963AA3A6-A35B-49FB-A567-7AF5FEDD0973}.Release|Any CPU.Build.0 = Release|Any CPU
		{D34C66AF-0CD2-4A95-AD4D-0DAB8EB43202}.Debug|Any CPU.ActiveCfg = Debug|Any CPU
		{D34C66AF-0CD2-4A95-AD4D-0DAB8EB43202}.Debug|Any CPU.Build.0 = Debug|Any CPU
		{D34C66AF-0CD2-4A95-AD4D-0DAB8EB43202}.Release|Any CPU.ActiveCfg = Release|Any CPU
		{D34C66AF-0CD2-4A95-AD4D-0DAB8EB43202}.Release|Any CPU.Build.0 = Release|Any CPU
		{1C7648BC-DF48-4DED-BFAD-E591A552423A}.Debug|Any CPU.ActiveCfg = Debug|Any CPU
		{1C7648BC-DF48-4DED-BFAD-E591A552423A}.Debug|Any CPU.Build.0 = Debug|Any CPU
		{1C7648BC-DF48-4DED-BFAD-E591A552423A}.Release|Any CPU.ActiveCfg = Release|Any CPU
		{1C7648BC-DF48-4DED-BFAD-E591A552423A}.Release|Any CPU.Build.0 = Release|Any CPU
		{89AF0052-5FB1-4DAC-A9B1-BFB0E178D8A7}.Debug|Any CPU.ActiveCfg = Debug|Any CPU
		{89AF0052-5FB1-4DAC-A9B1-BFB0E178D8A7}.Debug|Any CPU.Build.0 = Debug|Any CPU
		{89AF0052-5FB1-4DAC-A9B1-BFB0E178D8A7}.Release|Any CPU.ActiveCfg = Release|Any CPU
		{89AF0052-5FB1-4DAC-A9B1-BFB0E178D8A7}.Release|Any CPU.Build.0 = Release|Any CPU
	EndGlobalSection
EndGlobal
